
Microsoft Visual Studio Solution File, Format Version 12.00
# Visual Studio Version 16
VisualStudioVersion = 16.0.32002.261
MinimumVisualStudioVersion = 10.0.40219.1
Project("{FAE04EC0-301F-11D3-BF4B-00C04F79EFBC}") = "Mission4", "Mission4\Mission4.csproj", "{344EA3D3-4BDD-4A22-89DB-58B09B2A21F8}"
EndProject
Global
	GlobalSection(SolutionConfigurationPlatforms) = preSolution
		Debug|Any CPU = Debug|Any CPU
		Release|Any CPU = Release|Any CPU
	EndGlobalSection
	GlobalSection(ProjectConfigurationPlatforms) = postSolution
		{344EA3D3-4BDD-4A22-89DB-58B09B2A21F8}.Debug|Any CPU.ActiveCfg = Debug|Any CPU
		{344EA3D3-4BDD-4A22-89DB-58B09B2A21F8}.Debug|Any CPU.Build.0 = Debug|Any CPU
		{344EA3D3-4BDD-4A22-89DB-58B09B2A21F8}.Release|Any CPU.ActiveCfg = Release|Any CPU
		{344EA3D3-4BDD-4A22-89DB-58B09B2A21F8}.Release|Any CPU.Build.0 = Release|Any CPU
	EndGlobalSection
	GlobalSection(SolutionProperties) = preSolution
		HideSolutionNode = FALSE
	EndGlobalSection
	GlobalSection(ExtensibilityGlobals) = postSolution
		SolutionGuid = {F9FFD3B5-DA79-4463-A6BF-1B055DD3B051}
	EndGlobalSection
EndGlobal
